
Microsoft Visual Studio Solution File, Format Version 12.00
Project("{FAE04EC0-301F-11D3-BF4B-00C04F79EFBC}") = "ToDo.Api", "ToDo.Api\ToDo.Api.csproj", "{740CC1FF-B68E-4E47-89DD-8C016A641C6E}"
EndProject
Project("{2150E333-8FDC-42A3-9474-1A3956D46DE8}") = "src", "src", "{E382DF45-1FC5-43E4-A6C6-82C4A7848B35}"
EndProject
Project("{2150E333-8FDC-42A3-9474-1A3956D46DE8}") = "API", "API", "{B70E2E49-D480-4C67-B256-1F178C3176EB}"
EndProject
Project("{2150E333-8FDC-42A3-9474-1A3956D46DE8}") = "Core", "Core", "{3A8888A8-42CA-42E2-9B1F-C9B501738774}"
EndProject
Project("{2150E333-8FDC-42A3-9474-1A3956D46DE8}") = "Infrastructure", "Infrastructure", "{10E42A00-C305-4E9A-85FB-A7A3C24A942F}"
EndProject
Project("{2150E333-8FDC-42A3-9474-1A3956D46DE8}") = "Services", "Services", "{5FEB5326-85C3-4FCF-A559-7B86687A4FAB}"
EndProject
Project("{FAE04EC0-301F-11D3-BF4B-00C04F79EFBC}") = "ToDo.Core", "ToDo.Core\ToDo.Core.csproj", "{96B5A3FE-7E49-45BA-9DB7-F1487CC00B11}"
EndProject
Project("{FAE04EC0-301F-11D3-BF4B-00C04F79EFBC}") = "ToDo.Infrastructure", "ToDo.Infrastructure\ToDo.Infrastructure.csproj", "{2CDEF299-A395-4231-B638-4BEADB071D8A}"
EndProject
Project("{FAE04EC0-301F-11D3-BF4B-00C04F79EFBC}") = "ToDo.Services", "ToDo.Services\ToDo.Services.csproj", "{F0824103-DBAF-4FCE-B6E9-80B9DE0CE2F6}"
EndProject
Project("{FAE04EC0-301F-11D3-BF4B-00C04F79EFBC}") = "ToDo.Api.Tests", "ToDo.Api.Tests\ToDo.Api.Tests.csproj", "{078689FD-5F95-45B1-9A3C-9F7C8348559E}"
EndProject
Project("{FAE04EC0-301F-11D3-BF4B-00C04F79EFBC}") = "ToDo.Services.Tests", "ToDo.Services.Tests\ToDo.Services.Tests.csproj", "{A6FAF89B-47C3-4605-B2E9-701F15FAB688}"
EndProject
Global
	GlobalSection(SolutionConfigurationPlatforms) = preSolution
		Debug|Any CPU = Debug|Any CPU
		Release|Any CPU = Release|Any CPU
	EndGlobalSection
	GlobalSection(ProjectConfigurationPlatforms) = postSolution
		{740CC1FF-B68E-4E47-89DD-8C016A641C6E}.Debug|Any CPU.ActiveCfg = Debug|Any CPU
		{740CC1FF-B68E-4E47-89DD-8C016A641C6E}.Debug|Any CPU.Build.0 = Debug|Any CPU
		{740CC1FF-B68E-4E47-89DD-8C016A641C6E}.Release|Any CPU.ActiveCfg = Release|Any CPU
		{740CC1FF-B68E-4E47-89DD-8C016A641C6E}.Release|Any CPU.Build.0 = Release|Any CPU
		{96B5A3FE-7E49-45BA-9DB7-F1487CC00B11}.Debug|Any CPU.ActiveCfg = Debug|Any CPU
		{96B5A3FE-7E49-45BA-9DB7-F1487CC00B11}.Debug|Any CPU.Build.0 = Debug|Any CPU
		{96B5A3FE-7E49-45BA-9DB7-F1487CC00B11}.Release|Any CPU.ActiveCfg = Release|Any CPU
		{96B5A3FE-7E49-45BA-9DB7-F1487CC00B11}.Release|Any CPU.Build.0 = Release|Any CPU
		{2CDEF299-A395-4231-B638-4BEADB071D8A}.Debug|Any CPU.ActiveCfg = Debug|Any CPU
		{2CDEF299-A395-4231-B638-4BEADB071D8A}.Debug|Any CPU.Build.0 = Debug|Any CPU
		{2CDEF299-A395-4231-B638-4BEADB071D8A}.Release|Any CPU.ActiveCfg = Release|Any CPU
		{2CDEF299-A395-4231-B638-4BEADB071D8A}.Release|Any CPU.Build.0 = Release|Any CPU
		{F0824103-DBAF-4FCE-B6E9-80B9DE0CE2F6}.Debug|Any CPU.ActiveCfg = Debug|Any CPU
		{F0824103-DBAF-4FCE-B6E9-80B9DE0CE2F6}.Debug|Any CPU.Build.0 = Debug|Any CPU
		{F0824103-DBAF-4FCE-B6E9-80B9DE0CE2F6}.Release|Any CPU.ActiveCfg = Release|Any CPU
		{F0824103-DBAF-4FCE-B6E9-80B9DE0CE2F6}.Release|Any CPU.Build.0 = Release|Any CPU
		{078689FD-5F95-45B1-9A3C-9F7C8348559E}.Debug|Any CPU.ActiveCfg = Debug|Any CPU
		{078689FD-5F95-45B1-9A3C-9F7C8348559E}.Debug|Any CPU.Build.0 = Debug|Any CPU
		{078689FD-5F95-45B1-9A3C-9F7C8348559E}.Release|Any CPU.ActiveCfg = Release|Any CPU
		{078689FD-5F95-45B1-9A3C-9F7C8348559E}.Release|Any CPU.Build.0 = Release|Any CPU
		{A6FAF89B-47C3-4605-B2E9-701F15FAB688}.Debug|Any CPU.ActiveCfg = Debug|Any CPU
		{A6FAF89B-47C3-4605-B2E9-701F15FAB688}.Debug|Any CPU.Build.0 = Debug|Any CPU
		{A6FAF89B-47C3-4605-B2E9-701F15FAB688}.Release|Any CPU.ActiveCfg = Release|Any CPU
		{A6FAF89B-47C3-4605-B2E9-701F15FAB688}.Release|Any CPU.Build.0 = Release|Any CPU
	EndGlobalSection
	GlobalSection(NestedProjects) = preSolution
		{B70E2E49-D480-4C67-B256-1F178C3176EB} = {E382DF45-1FC5-43E4-A6C6-82C4A7848B35}
		{3A8888A8-42CA-42E2-9B1F-C9B501738774} = {E382DF45-1FC5-43E4-A6C6-82C4A7848B35}
		{10E42A00-C305-4E9A-85FB-A7A3C24A942F} = {E382DF45-1FC5-43E4-A6C6-82C4A7848B35}
		{5FEB5326-85C3-4FCF-A559-7B86687A4FAB} = {E382DF45-1FC5-43E4-A6C6-82C4A7848B35}
		{740CC1FF-B68E-4E47-89DD-8C016A641C6E} = {B70E2E49-D480-4C67-B256-1F178C3176EB}
		{96B5A3FE-7E49-45BA-9DB7-F1487CC00B11} = {3A8888A8-42CA-42E2-9B1F-C9B501738774}
		{2CDEF299-A395-4231-B638-4BEADB071D8A} = {10E42A00-C305-4E9A-85FB-A7A3C24A942F}
		{F0824103-DBAF-4FCE-B6E9-80B9DE0CE2F6} = {5FEB5326-85C3-4FCF-A559-7B86687A4FAB}
		{078689FD-5F95-45B1-9A3C-9F7C8348559E} = {B70E2E49-D480-4C67-B256-1F178C3176EB}
		{A6FAF89B-47C3-4605-B2E9-701F15FAB688} = {5FEB5326-85C3-4FCF-A559-7B86687A4FAB}
	EndGlobalSection
EndGlobal
