
Microsoft Visual Studio Solution File, Format Version 12.00
Project("{FAE04EC0-301F-11D3-BF4B-00C04F79EFBC}") = "ToDo.Api", "ToDo.Api\ToDo.Api.csproj", "{740CC1FF-B68E-4E47-89DD-8C016A641C6E}"
EndProject
Global
	GlobalSection(SolutionConfigurationPlatforms) = preSolution
		Debug|Any CPU = Debug|Any CPU
		Release|Any CPU = Release|Any CPU
	EndGlobalSection
	GlobalSection(ProjectConfigurationPlatforms) = postSolution
		{740CC1FF-B68E-4E47-89DD-8C016A641C6E}.Debug|Any CPU.ActiveCfg = Debug|Any CPU
		{740CC1FF-B68E-4E47-89DD-8C016A641C6E}.Debug|Any CPU.Build.0 = Debug|Any CPU
		{740CC1FF-B68E-4E47-89DD-8C016A641C6E}.Release|Any CPU.ActiveCfg = Release|Any CPU
		{740CC1FF-B68E-4E47-89DD-8C016A641C6E}.Release|Any CPU.Build.0 = Release|Any CPU
	EndGlobalSection
EndGlobal
